// !$*UTF8*$!
{
	archiveVersion = 1;
	classes = {
	};
	objectVersion = 46;
	objects = {

/* Begin PBXBuildFile section */
		3B9E8B051A69F75500BA4EE6 /* movie_quote.mp3 in Resources */ = {isa = PBXBuildFile; fileRef = 3B9E8B041A69F75500BA4EE6 /* movie_quote.mp3 */; };
		3BA2B0C61A6710CD00C81CEC /* AppDelegate.swift in Sources */ = {isa = PBXBuildFile; fileRef = 3BA2B0C51A6710CD00C81CEC /* AppDelegate.swift */; };
		3BA2B0C81A6710CD00C81CEC /* RecordSoundsViewController.swift in Sources */ = {isa = PBXBuildFile; fileRef = 3BA2B0C71A6710CD00C81CEC /* RecordSoundsViewController.swift */; };
		3BA2B0CB1A6710CD00C81CEC /* Main.storyboard in Resources */ = {isa = PBXBuildFile; fileRef = 3BA2B0C91A6710CD00C81CEC /* Main.storyboard */; };
		3BA2B0CD1A6710CD00C81CEC /* Images.xcassets in Resources */ = {isa = PBXBuildFile; fileRef = 3BA2B0CC1A6710CD00C81CEC /* Images.xcassets */; };
		3BA2B0DC1A6710CE00C81CEC /* Pitch_PerfectTests.swift in Sources */ = {isa = PBXBuildFile; fileRef = 3BA2B0DB1A6710CE00C81CEC /* Pitch_PerfectTests.swift */; };
		3BA3797C1A68C7DD00C3C46A /* PlaySoundsViewController.swift in Sources */ = {isa = PBXBuildFile; fileRef = 3BA3797B1A68C7DD00C3C46A /* PlaySoundsViewController.swift */; };
/* End PBXBuildFile section */

/* Begin PBXContainerItemProxy section */
		3BA2B0D61A6710CE00C81CEC /* PBXContainerItemProxy */ = {
			isa = PBXContainerItemProxy;
			containerPortal = 3BA2B0B81A6710CD00C81CEC /* Project object */;
			proxyType = 1;
			remoteGlobalIDString = 3BA2B0BF1A6710CD00C81CEC;
			remoteInfo = "Pitch Perfect";
		};
/* End PBXContainerItemProxy section */

/* Begin PBXFileReference section */
		3B9E8B041A69F75500BA4EE6 /* movie_quote.mp3 */ = {isa = PBXFileReference; lastKnownFileType = audio.mp3; name = movie_quote.mp3; path = "Pitch Perfect/movie_quote.mp3"; sourceTree = SOURCE_ROOT; };
		3BA2B0C01A6710CD00C81CEC /* Pitch Perfect.app */ = {isa = PBXFileReference; explicitFileType = wrapper.application; includeInIndex = 0; path = "Pitch Perfect.app"; sourceTree = BUILT_PRODUCTS_DIR; };
		3BA2B0C41A6710CD00C81CEC /* Info.plist */ = {isa = PBXFileReference; lastKnownFileType = text.plist.xml; path = Info.plist; sourceTree = "<group>"; };
		3BA2B0C51A6710CD00C81CEC /* AppDelegate.swift */ = {isa = PBXFileReference; lastKnownFileType = sourcecode.swift; path = AppDelegate.swift; sourceTree = "<group>"; };
		3BA2B0C71A6710CD00C81CEC /* RecordSoundsViewController.swift */ = {isa = PBXFileReference; lastKnownFileType = sourcecode.swift; path = RecordSoundsViewController.swift; sourceTree = "<group>"; };
		3BA2B0CA1A6710CD00C81CEC /* Base */ = {isa = PBXFileReference; lastKnownFileType = file.storyboard; name = Base; path = Base.lproj/Main.storyboard; sourceTree = "<group>"; };
		3BA2B0CC1A6710CD00C81CEC /* Images.xcassets */ = {isa = PBXFileReference; lastKnownFileType = folder.assetcatalog; path = Images.xcassets; sourceTree = "<group>"; };
		3BA2B0D51A6710CE00C81CEC /* Pitch PerfectTests.xctest */ = {isa = PBXFileReference; explicitFileType = wrapper.cfbundle; includeInIndex = 0; path = "Pitch PerfectTests.xctest"; sourceTree = BUILT_PRODUCTS_DIR; };
		3BA2B0DA1A6710CE00C81CEC /* Info.plist */ = {isa = PBXFileReference; lastKnownFileType = text.plist.xml; path = Info.plist; sourceTree = "<group>"; };
		3BA2B0DB1A6710CE00C81CEC /* Pitch_PerfectTests.swift */ = {isa = PBXFileReference; lastKnownFileType = sourcecode.swift; path = Pitch_PerfectTests.swift; sourceTree = "<group>"; };
		3BA3797B1A68C7DD00C3C46A /* PlaySoundsViewController.swift */ = {isa = PBXFileReference; fileEncoding = 4; lastKnownFileType = sourcecode.swift; path = PlaySoundsViewController.swift; sourceTree = "<group>"; };
/* End PBXFileReference section */

/* Begin PBXFrameworksBuildPhase section */
		3BA2B0BD1A6710CD00C81CEC /* Frameworks */ = {
			isa = PBXFrameworksBuildPhase;
			buildActionMask = 2147483647;
			files = (
			);
			runOnlyForDeploymentPostprocessing = 0;
		};
		3BA2B0D21A6710CE00C81CEC /* Frameworks */ = {
			isa = PBXFrameworksBuildPhase;
			buildActionMask = 2147483647;
			files = (
			);
			runOnlyForDeploymentPostprocessing = 0;
		};
/* End PBXFrameworksBuildPhase section */

/* Begin PBXGroup section */
		3BA2B0B71A6710CD00C81CEC = {
			isa = PBXGroup;
			children = (
				3BA2B0C21A6710CD00C81CEC /* Pitch Perfect */,
				3BA2B0D81A6710CE00C81CEC /* Pitch PerfectTests */,
				3BA2B0C11A6710CD00C81CEC /* Products */,
			);
			sourceTree = "<group>";
		};
		3BA2B0C11A6710CD00C81CEC /* Products */ = {
			isa = PBXGroup;
			children = (
				3BA2B0C01A6710CD00C81CEC /* Pitch Perfect.app */,
				3BA2B0D51A6710CE00C81CEC /* Pitch PerfectTests.xctest */,
			);
			name = Products;
			sourceTree = "<group>";
		};
		3BA2B0C21A6710CD00C81CEC /* Pitch Perfect */ = {
			isa = PBXGroup;
			children = (
				3BA2B0C51A6710CD00C81CEC /* AppDelegate.swift */,
				3BA2B0C71A6710CD00C81CEC /* RecordSoundsViewController.swift */,
				3BA2B0C91A6710CD00C81CEC /* Main.storyboard */,
				3BA3797B1A68C7DD00C3C46A /* PlaySoundsViewController.swift */,
				3BA2B0CC1A6710CD00C81CEC /* Images.xcassets */,
				3BA2B0C31A6710CD00C81CEC /* Supporting Files */,
			);
			path = "Pitch Perfect";
			sourceTree = "<group>";
		};
		3BA2B0C31A6710CD00C81CEC /* Supporting Files */ = {
			isa = PBXGroup;
			children = (
				3B9E8B041A69F75500BA4EE6 /* movie_quote.mp3 */,
				3BA2B0C41A6710CD00C81CEC /* Info.plist */,
			);
			name = "Supporting Files";
			sourceTree = "<group>";
		};
		3BA2B0D81A6710CE00C81CEC /* Pitch PerfectTests */ = {
			isa = PBXGroup;
			children = (
				3BA2B0DB1A6710CE00C81CEC /* Pitch_PerfectTests.swift */,
				3BA2B0D91A6710CE00C81CEC /* Supporting Files */,
			);
			path = "Pitch PerfectTests";
			sourceTree = "<group>";
		};
		3BA2B0D91A6710CE00C81CEC /* Supporting Files */ = {
			isa = PBXGroup;
			children = (
				3BA2B0DA1A6710CE00C81CEC /* Info.plist */,
			);
			name = "Supporting Files";
			sourceTree = "<group>";
		};
/* End PBXGroup section */

/* Begin PBXNativeTarget section */
		3BA2B0BF1A6710CD00C81CEC /* Pitch Perfect */ = {
			isa = PBXNativeTarget;
			buildConfigurationList = 3BA2B0DF1A6710CE00C81CEC /* Build configuration list for PBXNativeTarget "Pitch Perfect" */;
			buildPhases = (
				3BA2B0BC1A6710CD00C81CEC /* Sources */,
				3BA2B0BD1A6710CD00C81CEC /* Frameworks */,
				3BA2B0BE1A6710CD00C81CEC /* Resources */,
			);
			buildRules = (
			);
			dependencies = (
			);
			name = "Pitch Perfect";
			productName = "Pitch Perfect";
			productReference = 3BA2B0C01A6710CD00C81CEC /* Pitch Perfect.app */;
			productType = "com.apple.product-type.application";
		};
		3BA2B0D41A6710CE00C81CEC /* Pitch PerfectTests */ = {
			isa = PBXNativeTarget;
			buildConfigurationList = 3BA2B0E21A6710CE00C81CEC /* Build configuration list for PBXNativeTarget "Pitch PerfectTests" */;
			buildPhases = (
				3BA2B0D11A6710CE00C81CEC /* Sources */,
				3BA2B0D21A6710CE00C81CEC /* Frameworks */,
				3BA2B0D31A6710CE00C81CEC /* Resources */,
			);
			buildRules = (
			);
			dependencies = (
				3BA2B0D71A6710CE00C81CEC /* PBXTargetDependency */,
			);
			name = "Pitch PerfectTests";
			productName = "Pitch PerfectTests";
			productReference = 3BA2B0D51A6710CE00C81CEC /* Pitch PerfectTests.xctest */;
			productType = "com.apple.product-type.bundle.unit-test";
		};
/* End PBXNativeTarget section */

/* Begin PBXProject section */
		3BA2B0B81A6710CD00C81CEC /* Project object */ = {
			isa = PBXProject;
			attributes = {
				LastUpgradeCheck = 0610;
				ORGANIZATIONNAME = LoriKingshott;
				TargetAttributes = {
					3BA2B0BF1A6710CD00C81CEC = {
						CreatedOnToolsVersion = 6.1.1;
					};
					3BA2B0D41A6710CE00C81CEC = {
						CreatedOnToolsVersion = 6.1.1;
						TestTargetID = 3BA2B0BF1A6710CD00C81CEC;
					};
				};
			};
			buildConfigurationList = 3BA2B0BB1A6710CD00C81CEC /* Build configuration list for PBXProject "Pitch Perfect" */;
			compatibilityVersion = "Xcode 3.2";
			developmentRegion = English;
			hasScannedForEncodings = 0;
			knownRegions = (
				en,
				Base,
			);
			mainGroup = 3BA2B0B71A6710CD00C81CEC;
			productRefGroup = 3BA2B0C11A6710CD00C81CEC /* Products */;
			projectDirPath = "";
			projectRoot = "";
			targets = (
				3BA2B0BF1A6710CD00C81CEC /* Pitch Perfect */,
				3BA2B0D41A6710CE00C81CEC /* Pitch PerfectTests */,
			);
		};
/* End PBXProject section */

/* Begin PBXResourcesBuildPhase section */
		3BA2B0BE1A6710CD00C81CEC /* Resources */ = {
			isa = PBXResourcesBuildPhase;
			buildActionMask = 2147483647;
			files = (
				3BA2B0CB1A6710CD00C81CEC /* Main.storyboard in Resources */,
				3B9E8B051A69F75500BA4EE6 /* movie_quote.mp3 in Resources */,
				3BA2B0CD1A6710CD00C81CEC /* Images.xcassets in Resources */,
			);
			runOnlyForDeploymentPostprocessing = 0;
		};
		3BA2B0D31A6710CE00C81CEC /* Resources */ = {
			isa = PBXResourcesBuildPhase;
			buildActionMask = 2147483647;
			files = (
			);
			runOnlyForDeploymentPostprocessing = 0;
		};
/* End PBXResourcesBuildPhase section */

/* Begin PBXSourcesBuildPhase section */
		3BA2B0BC1A6710CD00C81CEC /* Sources */ = {
			isa = PBXSourcesBuildPhase;
			buildActionMask = 2147483647;
			files = (
				3BA2B0C81A6710CD00C81CEC /* RecordSoundsViewController.swift in Sources */,
				3BA3797C1A68C7DD00C3C46A /* PlaySoundsViewController.swift in Sources */,
				3BA2B0C61A6710CD00C81CEC /* AppDelegate.swift in Sources */,
			);
			runOnlyForDeploymentPostprocessing = 0;
		};
		3BA2B0D11A6710CE00C81CEC /* Sources */ = {
			isa = PBXSourcesBuildPhase;
			buildActionMask = 2147483647;
			files = (
				3BA2B0DC1A6710CE00C81CEC /* Pitch_PerfectTests.swift in Sources */,
			);
			runOnlyForDeploymentPostprocessing = 0;
		};
/* End PBXSourcesBuildPhase section */

/* Begin PBXTargetDependency section */
		3BA2B0D71A6710CE00C81CEC /* PBXTargetDependency */ = {
			isa = PBXTargetDependency;
			target = 3BA2B0BF1A6710CD00C81CEC /* Pitch Perfect */;
			targetProxy = 3BA2B0D61A6710CE00C81CEC /* PBXContainerItemProxy */;
		};
/* End PBXTargetDependency section */

/* Begin PBXVariantGroup section */
		3BA2B0C91A6710CD00C81CEC /* Main.storyboard */ = {
			isa = PBXVariantGroup;
			children = (
				3BA2B0CA1A6710CD00C81CEC /* Base */,
			);
			name = Main.storyboard;
			sourceTree = "<group>";
		};
/* End PBXVariantGroup section */

/* Begin XCBuildConfiguration section */
		3BA2B0DD1A6710CE00C81CEC /* Debug */ = {
			isa = XCBuildConfiguration;
			buildSettings = {
				ALWAYS_SEARCH_USER_PATHS = NO;
				CLANG_CXX_LANGUAGE_STANDARD = "gnu++0x";
				CLANG_CXX_LIBRARY = "libc++";
				CLANG_ENABLE_MODULES = YES;
				CLANG_ENABLE_OBJC_ARC = YES;
				CLANG_WARN_BOOL_CONVERSION = YES;
				CLANG_WARN_CONSTANT_CONVERSION = YES;
				CLANG_WARN_DIRECT_OBJC_ISA_USAGE = YES_ERROR;
				CLANG_WARN_EMPTY_BODY = YES;
				CLANG_WARN_ENUM_CONVERSION = YES;
				CLANG_WARN_INT_CONVERSION = YES;
				CLANG_WARN_OBJC_ROOT_CLASS = YES_ERROR;
				CLANG_WARN_UNREACHABLE_CODE = YES;
				CLANG_WARN__DUPLICATE_METHOD_MATCH = YES;
				"CODE_SIGN_IDENTITY[sdk=iphoneos*]" = "iPhone Developer";
				COPY_PHASE_STRIP = NO;
				ENABLE_STRICT_OBJC_MSGSEND = YES;
				GCC_C_LANGUAGE_STANDARD = gnu99;
				GCC_DYNAMIC_NO_PIC = NO;
				GCC_OPTIMIZATION_LEVEL = 0;
				GCC_PREPROCESSOR_DEFINITIONS = (
					"DEBUG=1",
					"$(inherited)",
				);
				GCC_SYMBOLS_PRIVATE_EXTERN = NO;
				GCC_WARN_64_TO_32_BIT_CONVERSION = YES;
				GCC_WARN_ABOUT_RETURN_TYPE = YES_ERROR;
				GCC_WARN_UNDECLARED_SELECTOR = YES;
				GCC_WARN_UNINITIALIZED_AUTOS = YES_AGGRESSIVE;
				GCC_WARN_UNUSED_FUNCTION = YES;
				GCC_WARN_UNUSED_VARIABLE = YES;
				IPHONEOS_DEPLOYMENT_TARGET = 8.1;
				MTL_ENABLE_DEBUG_INFO = YES;
				ONLY_ACTIVE_ARCH = YES;
				SDKROOT = iphoneos;
				SWIFT_OPTIMIZATION_LEVEL = "-Onone";
			};
			name = Debug;
		};
		3BA2B0DE1A6710CE00C81CEC /* Release */ = {
			isa = XCBuildConfiguration;
			buildSettings = {
				ALWAYS_SEARCH_USER_PATHS = NO;
				CLANG_CXX_LANGUAGE_STANDARD = "gnu++0x";
				CLANG_CXX_LIBRARY = "libc++";
				CLANG_ENABLE_MODULES = YES;
				CLANG_ENABLE_OBJC_ARC = YES;
				CLANG_WARN_BOOL_CONVERSION = YES;
				CLANG_WARN_CONSTANT_CONVERSION = YES;
				CLANG_WARN_DIRECT_OBJC_ISA_USAGE = YES_ERROR;
				CLANG_WARN_EMPTY_BODY = YES;
				CLANG_WARN_ENUM_CONVERSION = YES;
				CLANG_WARN_INT_CONVERSION = YES;
				CLANG_WARN_OBJC_ROOT_CLASS = YES_ERROR;
				CLANG_WARN_UNREACHABLE_CODE = YES;
				CLANG_WARN__DUPLICATE_METHOD_MATCH = YES;
				"CODE_SIGN_IDENTITY[sdk=iphoneos*]" = "iPhone Developer";
				COPY_PHASE_STRIP = YES;
				ENABLE_NS_ASSERTIONS = NO;
				ENABLE_STRICT_OBJC_MSGSEND = YES;
				GCC_C_LANGUAGE_STANDARD = gnu99;
				GCC_WARN_64_TO_32_BIT_CONVERSION = YES;
				GCC_WARN_ABOUT_RETURN_TYPE = YES_ERROR;
				GCC_WARN_UNDECLARED_SELECTOR = YES;
				GCC_WARN_UNINITIALIZED_AUTOS = YES_AGGRESSIVE;
				GCC_WARN_UNUSED_FUNCTION = YES;
				GCC_WARN_UNUSED_VARIABLE = YES;
				IPHONEOS_DEPLOYMENT_TARGET = 8.1;
				MTL_ENABLE_DEBUG_INFO = NO;
				SDKROOT = iphoneos;
				VALIDATE_PRODUCT = YES;
			};
			name = Release;
		};
		3BA2B0E01A6710CE00C81CEC /* Debug */ = {
			isa = XCBuildConfiguration;
			buildSettings = {
				ASSETCATALOG_COMPILER_APPICON_NAME = AppIcon;
				INFOPLIST_FILE = "Pitch Perfect/Info.plist";
				LD_RUNPATH_SEARCH_PATHS = "$(inherited) @executable_path/Frameworks";
				PRODUCT_NAME = "$(TARGET_NAME)";
			};
			name = Debug;
		};
		3BA2B0E11A6710CE00C81CEC /* Release */ = {
			isa = XCBuildConfiguration;
			buildSettings = {
				ASSETCATALOG_COMPILER_APPICON_NAME = AppIcon;
				INFOPLIST_FILE = "Pitch Perfect/Info.plist";
				LD_RUNPATH_SEARCH_PATHS = "$(inherited) @executable_path/Frameworks";
				PRODUCT_NAME = "$(TARGET_NAME)";
			};
			name = Release;
		};
		3BA2B0E31A6710CE00C81CEC /* Debug */ = {
			isa = XCBuildConfiguration;
			buildSettings = {
				BUNDLE_LOADER = "$(TEST_HOST)";
				FRAMEWORK_SEARCH_PATHS = (
					"$(SDKROOT)/Developer/Library/Frameworks",
					"$(inherited)",
				);
				GCC_PREPROCESSOR_DEFINITIONS = (
					"DEBUG=1",
					"$(inherited)",
				);
				INFOPLIST_FILE = "Pitch PerfectTests/Info.plist";
				LD_RUNPATH_SEARCH_PATHS = "$(inherited) @executable_path/Frameworks @loader_path/Frameworks";
				PRODUCT_NAME = "$(TARGET_NAME)";
				TEST_HOST = "$(BUILT_PRODUCTS_DIR)/Pitch Perfect.app/Pitch Perfect";
			};
			name = Debug;
		};
		3BA2B0E41A6710CE00C81CEC /* Release */ = {
			isa = XCBuildConfiguration;
			buildSettings = {
				BUNDLE_LOADER = "$(TEST_HOST)";
				FRAMEWORK_SEARCH_PATHS = (
					"$(SDKROOT)/Developer/Library/Frameworks",
					"$(inherited)",
				);
				INFOPLIST_FILE = "Pitch PerfectTests/Info.plist";
				LD_RUNPATH_SEARCH_PATHS = "$(inherited) @executable_path/Frameworks @loader_path/Frameworks";
				PRODUCT_NAME = "$(TARGET_NAME)";
				TEST_HOST = "$(BUILT_PRODUCTS_DIR)/Pitch Perfect.app/Pitch Perfect";
			};
			name = Release;
		};
/* End XCBuildConfiguration section */

/* Begin XCConfigurationList section */
		3BA2B0BB1A6710CD00C81CEC /* Build configuration list for PBXProject "Pitch Perfect" */ = {
			isa = XCConfigurationList;
			buildConfigurations = (
				3BA2B0DD1A6710CE00C81CEC /* Debug */,
				3BA2B0DE1A6710CE00C81CEC /* Release */,
			);
			defaultConfigurationIsVisible = 0;
			defaultConfigurationName = Release;
		};
		3BA2B0DF1A6710CE00C81CEC /* Build configuration list for PBXNativeTarget "Pitch Perfect" */ = {
			isa = XCConfigurationList;
			buildConfigurations = (
				3BA2B0E01A6710CE00C81CEC /* Debug */,
				3BA2B0E11A6710CE00C81CEC /* Release */,
			);
			defaultConfigurationIsVisible = 0;
			defaultConfigurationName = Release;
		};
		3BA2B0E21A6710CE00C81CEC /* Build configuration list for PBXNativeTarget "Pitch PerfectTests" */ = {
			isa = XCConfigurationList;
			buildConfigurations = (
				3BA2B0E31A6710CE00C81CEC /* Debug */,
				3BA2B0E41A6710CE00C81CEC /* Release */,
			);
			defaultConfigurationIsVisible = 0;
			defaultConfigurationName = Release;
		};
/* End XCConfigurationList section */
	};
	rootObject = 3BA2B0B81A6710CD00C81CEC /* Project object */;
}
